Microsoft Visual Studio Solution File, Format Version 12.00
# Visual Studio 2012
Project("{FAE04EC0-301F-11D3-BF4B-00C04F79EFBC}") = "my_squash_the_creeps_3d", "my_squash_the_creeps_3d.csproj", "{A8D89131-6FCB-4198-B213-2EC7E8E37A59}"
EndProject
Global
	GlobalSection(SolutionConfigurationPlatforms) = preSolution
	Debug|Any CPU = Debug|Any CPU
	ExportDebug|Any CPU = ExportDebug|Any CPU
	ExportRelease|Any CPU = ExportRelease|Any CPU
	EndGlobalSection
	GlobalSection(ProjectConfigurationPlatforms) = postSolution
		{A8D89131-6FCB-4198-B213-2EC7E8E37A59}.Debug|Any CPU.ActiveCfg = Debug|Any CPU
		{A8D89131-6FCB-4198-B213-2EC7E8E37A59}.Debug|Any CPU.Build.0 = Debug|Any CPU
		{A8D89131-6FCB-4198-B213-2EC7E8E37A59}.ExportDebug|Any CPU.ActiveCfg = ExportDebug|Any CPU
		{A8D89131-6FCB-4198-B213-2EC7E8E37A59}.ExportDebug|Any CPU.Build.0 = ExportDebug|Any CPU
		{A8D89131-6FCB-4198-B213-2EC7E8E37A59}.ExportRelease|Any CPU.ActiveCfg = ExportRelease|Any CPU
		{A8D89131-6FCB-4198-B213-2EC7E8E37A59}.ExportRelease|Any CPU.Build.0 = ExportRelease|Any CPU
	EndGlobalSection
EndGlobal
